
Microsoft Visual Studio Solution File, Format Version 12.00
# Visual Studio 14
VisualStudioVersion = 14.0.25123.0
MinimumVisualStudioVersion = 10.0.40219.1
Project("{FAE04EC0-301F-11D3-BF4B-00C04F79EFBC}") = "COMP123-S2016-Lesson1", "COMP123-S2016-Lesson1\COMP123-S2016-Lesson1.csproj", "{B2BB950C-AA65-4AA5-875B-F9707BC6A5CD}"
EndProject
Project("{FAE04EC0-301F-11D3-BF4B-00C04F79EFBC}") = "HelloWorldTestProject", "HelloWorldTestProject\HelloWorldTestProject.csproj", "{02D2FE95-E2C8-414B-AAE8-35E88A22590A}"
EndProject
Global
	GlobalSection(SolutionConfigurationPlatforms) = preSolution
		Debug|Any CPU = Debug|Any CPU
		Release|Any CPU = Release|Any CPU
	EndGlobalSection
	GlobalSection(ProjectConfigurationPlatforms) = postSolution
		{B2BB950C-AA65-4AA5-875B-F9707BC6A5CD}.Debug|Any CPU.ActiveCfg = Debug|Any CPU
		{B2BB950C-AA65-4AA5-875B-F9707BC6A5CD}.Debug|Any CPU.Build.0 = Debug|Any CPU
		{B2BB950C-AA65-4AA5-875B-F9707BC6A5CD}.Release|Any CPU.ActiveCfg = Release|Any CPU
		{B2BB950C-AA65-4AA5-875B-F9707BC6A5CD}.Release|Any CPU.Build.0 = Release|Any CPU
		{02D2FE95-E2C8-414B-AAE8-35E88A22590A}.Debug|Any CPU.ActiveCfg = Debug|Any CPU
		{02D2FE95-E2C8-414B-AAE8-35E88A22590A}.Debug|Any CPU.Build.0 = Debug|Any CPU
		{02D2FE95-E2C8-414B-AAE8-35E88A22590A}.Release|Any CPU.ActiveCfg = Release|Any CPU
		{02D2FE95-E2C8-414B-AAE8-35E88A22590A}.Release|Any CPU.Build.0 = Release|Any CPU
	EndGlobalSection
	GlobalSection(SolutionProperties) = preSolution
		HideSolutionNode = FALSE
	EndGlobalSection
EndGlobal
